// !$*UTF8*$!
{
	archiveVersion = 1;
	classes = {
	};
	objectVersion = 46;
	objects = {

/* Begin PBXBuildFile section */
		49026C3E1DCF0DBF0073B58E /* README.md in Sources */ = {isa = PBXBuildFile; fileRef = 49026C3D1DCF0DBF0073B58E /* README.md */; };
		49BB95101DB99DFB00763ABC /* AppDelegate.swift in Sources */ = {isa = PBXBuildFile; fileRef = 49BB950F1DB99DFB00763ABC /* AppDelegate.swift */; };
		49BB95121DB99DFB00763ABC /* ViewController.swift in Sources */ = {isa = PBXBuildFile; fileRef = 49BB95111DB99DFB00763ABC /* ViewController.swift */; };
		49BB95151DB99DFB00763ABC /* Main.storyboard in Resources */ = {isa = PBXBuildFile; fileRef = 49BB95131DB99DFB00763ABC /* Main.storyboard */; };
		49BB95171DB99DFB00763ABC /* Assets.xcassets in Resources */ = {isa = PBXBuildFile; fileRef = 49BB95161DB99DFB00763ABC /* Assets.xcassets */; };
		49BB951A1DB99DFB00763ABC /* LaunchScreen.storyboard in Resources */ = {isa = PBXBuildFile; fileRef = 49BB95181DB99DFB00763ABC /* LaunchScreen.storyboard */; };
/* End PBXBuildFile section */

/* Begin PBXFileReference section */
		49026C3D1DCF0DBF0073B58E /* README.md */ = {isa = PBXFileReference; fileEncoding = 4; lastKnownFileType = net.daringfireball.markdown; path = README.md; sourceTree = SOURCE_ROOT; };
		49BB950C1DB99DFB00763ABC /* Derrick Quiz.app */ = {isa = PBXFileReference; explicitFileType = wrapper.application; includeInIndex = 0; path = "Derrick Quiz.app"; sourceTree = BUILT_PRODUCTS_DIR; };
		49BB950F1DB99DFB00763ABC /* AppDelegate.swift */ = {isa = PBXFileReference; lastKnownFileType = sourcecode.swift; path = AppDelegate.swift; sourceTree = "<group>"; };
		49BB95111DB99DFB00763ABC /* ViewController.swift */ = {isa = PBXFileReference; lastKnownFileType = sourcecode.swift; path = ViewController.swift; sourceTree = "<group>"; };
		49BB95141DB99DFB00763ABC /* Base */ = {isa = PBXFileReference; lastKnownFileType = file.storyboard; name = Base; path = Base.lproj/Main.storyboard; sourceTree = "<group>"; };
		49BB95161DB99DFB00763ABC /* Assets.xcassets */ = {isa = PBXFileReference; lastKnownFileType = folder.assetcatalog; path = Assets.xcassets; sourceTree = "<group>"; };
		49BB95191DB99DFB00763ABC /* Base */ = {isa = PBXFileReference; lastKnownFileType = file.storyboard; name = Base; path = Base.lproj/LaunchScreen.storyboard; sourceTree = "<group>"; };
		49BB951B1DB99DFB00763ABC /* Info.plist */ = {isa = PBXFileReference; lastKnownFileType = text.plist.xml; path = Info.plist; sourceTree = "<group>"; };
/* End PBXFileReference section */

/* Begin PBXFrameworksBuildPhase section */
		49BB95091DB99DFA00763ABC /* Frameworks */ = {
			isa = PBXFrameworksBuildPhase;
			buildActionMask = 2147483647;
			files = (
			);
			runOnlyForDeploymentPostprocessing = 0;
		};
/* End PBXFrameworksBuildPhase section */

/* Begin PBXGroup section */
		49BB95031DB99DFA00763ABC = {
			isa = PBXGroup;
			children = (
				49BB950E1DB99DFB00763ABC /* Derrick Quiz */,
				49BB950D1DB99DFB00763ABC /* Products */,
			);
			sourceTree = "<group>";
		};
		49BB950D1DB99DFB00763ABC /* Products */ = {
			isa = PBXGroup;
			children = (
				49BB950C1DB99DFB00763ABC /* Derrick Quiz.app */,
			);
			name = Products;
			sourceTree = "<group>";
		};
		49BB950E1DB99DFB00763ABC /* Derrick Quiz */ = {
			isa = PBXGroup;
			children = (
				49026C3D1DCF0DBF0073B58E /* README.md */,
				49BB950F1DB99DFB00763ABC /* AppDelegate.swift */,
				49BB95111DB99DFB00763ABC /* ViewController.swift */,
				49BB95131DB99DFB00763ABC /* Main.storyboard */,
				49BB95161DB99DFB00763ABC /* Assets.xcassets */,
				49BB95181DB99DFB00763ABC /* LaunchScreen.storyboard */,
				49BB951B1DB99DFB00763ABC /* Info.plist */,
			);
			path = "Derrick Quiz";
			sourceTree = "<group>";
		};
/* End PBXGroup section */

/* Begin PBXNativeTarget section */
		49BB950B1DB99DFA00763ABC /* Derrick Quiz */ = {
			isa = PBXNativeTarget;
			buildConfigurationList = 49BB951E1DB99DFB00763ABC /* Build configuration list for PBXNativeTarget "Derrick Quiz" */;
			buildPhases = (
				49BB95081DB99DFA00763ABC /* Sources */,
				49BB95091DB99DFA00763ABC /* Frameworks */,
				49BB950A1DB99DFA00763ABC /* Resources */,
			);
			buildRules = (
			);
			dependencies = (
			);
			name = "Derrick Quiz";
			productName = "Derrick Quiz";
			productReference = 49BB950C1DB99DFB00763ABC /* Derrick Quiz.app */;
			productType = "com.apple.product-type.application";
		};
/* End PBXNativeTarget section */

/* Begin PBXProject section */
		49BB95041DB99DFA00763ABC /* Project object */ = {
			isa = PBXProject;
			attributes = {
				LastSwiftUpdateCheck = 0800;
				LastUpgradeCheck = 0830;
				ORGANIZATIONNAME = "Derrick Ward";
				TargetAttributes = {
					49BB950B1DB99DFA00763ABC = {
						CreatedOnToolsVersion = 8.0;
						DevelopmentTeam = JM28632DFW;
						ProvisioningStyle = Automatic;
					};
				};
			};
			buildConfigurationList = 49BB95071DB99DFA00763ABC /* Build configuration list for PBXProject "Derrick Quiz" */;
			compatibilityVersion = "Xcode 3.2";
			developmentRegion = English;
			hasScannedForEncodings = 0;
			knownRegions = (
				en,
				Base,
			);
			mainGroup = 49BB95031DB99DFA00763ABC;
			productRefGroup = 49BB950D1DB99DFB00763ABC /* Products */;
			projectDirPath = "";
			projectRoot = "";
			targets = (
				49BB950B1DB99DFA00763ABC /* Derrick Quiz */,
			);
		};
/* End PBXProject section */

/* Begin PBXResourcesBuildPhase section */
		49BB950A1DB99DFA00763ABC /* Resources */ = {
			isa = PBXResourcesBuildPhase;
			buildActionMask = 2147483647;
			files = (
				49BB951A1DB99DFB00763ABC /* LaunchScreen.storyboard in Resources */,
				49BB95171DB99DFB00763ABC /* Assets.xcassets in Resources */,
				49BB95151DB99DFB00763ABC /* Main.storyboard in Resources */,
			);
			runOnlyForDeploymentPostprocessing = 0;
		};
/* End PBXResourcesBuildPhase section */

/* Begin PBXSourcesBuildPhase section */
		49BB95081DB99DFA00763ABC /* Sources */ = {
			isa = PBXSourcesBuildPhase;
			buildActionMask = 2147483647;
			files = (
				49026C3E1DCF0DBF0073B58E /* README.md in Sources */,
				49BB95121DB99DFB00763ABC /* ViewController.swift in Sources */,
				49BB95101DB99DFB00763ABC /* AppDelegate.swift in Sources */,
			);
			runOnlyForDeploymentPostprocessing = 0;
		};
/* End PBXSourcesBuildPhase section */

/* Begin PBXVariantGroup section */
		49BB95131DB99DFB00763ABC /* Main.storyboard */ = {
			isa = PBXVariantGroup;
			children = (
				49BB95141DB99DFB00763ABC /* Base */,
			);
			name = Main.storyboard;
			sourceTree = "<group>";
		};
		49BB95181DB99DFB00763ABC /* LaunchScreen.storyboard */ = {
			isa = PBXVariantGroup;
			children = (
				49BB95191DB99DFB00763ABC /* Base */,
			);
			name = LaunchScreen.storyboard;
			sourceTree = "<group>";
		};
/* End PBXVariantGroup section */

/* Begin XCBuildConfiguration section */
		49BB951C1DB99DFB00763ABC /* Debug */ = {
			isa = XCBuildConfiguration;
			buildSettings = {
				ALWAYS_SEARCH_USER_PATHS = NO;
				CLANG_ANALYZER_NONNULL = YES;
				CLANG_CXX_LANGUAGE_STANDARD = "gnu++0x";
				CLANG_CXX_LIBRARY = "libc++";
				CLANG_ENABLE_MODULES = YES;
				CLANG_ENABLE_OBJC_ARC = YES;
				CLANG_WARN_BOOL_CONVERSION = YES;
				CLANG_WARN_CONSTANT_CONVERSION = YES;
				CLANG_WARN_DIRECT_OBJC_ISA_USAGE = YES_ERROR;
				CLANG_WARN_DOCUMENTATION_COMMENTS = YES;
				CLANG_WARN_EMPTY_BODY = YES;
				CLANG_WARN_ENUM_CONVERSION = YES;
				CLANG_WARN_INFINITE_RECURSION = YES;
				CLANG_WARN_INT_CONVERSION = YES;
				CLANG_WARN_OBJC_ROOT_CLASS = YES_ERROR;
				CLANG_WARN_SUSPICIOUS_MOVE = YES;
				CLANG_WARN_SUSPICIOUS_MOVES = YES;
				CLANG_WARN_UNREACHABLE_CODE = YES;
				CLANG_WARN__DUPLICATE_METHOD_MATCH = YES;
				"CODE_SIGN_IDENTITY[sdk=iphoneos*]" = "iPhone Developer";
				COPY_PHASE_STRIP = NO;
				DEBUG_INFORMATION_FORMAT = dwarf;
				DEVELOPMENT_TEAM = JM28632DFW;
				ENABLE_STRICT_OBJC_MSGSEND = YES;
				ENABLE_TESTABILITY = YES;
				GCC_C_LANGUAGE_STANDARD = gnu99;
				GCC_DYNAMIC_NO_PIC = NO;
				GCC_NO_COMMON_BLOCKS = YES;
				GCC_OPTIMIZATION_LEVEL = 0;
				GCC_PREPROCESSOR_DEFINITIONS = (
					"DEBUG=1",
					"$(inherited)",
				);
				GCC_WARN_64_TO_32_BIT_CONVERSION = YES;
				GCC_WARN_ABOUT_RETURN_TYPE = YES_ERROR;
				GCC_WARN_UNDECLARED_SELECTOR = YES;
				GCC_WARN_UNINITIALIZED_AUTOS = YES_AGGRESSIVE;
				GCC_WARN_UNUSED_FUNCTION = YES;
				GCC_WARN_UNUSED_VARIABLE = YES;
				IPHONEOS_DEPLOYMENT_TARGET = 10.0;
				MTL_ENABLE_DEBUG_INFO = YES;
				ONLY_ACTIVE_ARCH = YES;
				SDKROOT = iphoneos;
				SWIFT_ACTIVE_COMPILATION_CONDITIONS = DEBUG;
				SWIFT_OPTIMIZATION_LEVEL = "-Onone";
			};
			name = Debug;
		};
		49BB951D1DB99DFB00763ABC /* Release */ = {
			isa = XCBuildConfiguration;
			buildSettings = {
				ALWAYS_SEARCH_USER_PATHS = NO;
				CLANG_ANALYZER_NONNULL = YES;
				CLANG_CXX_LANGUAGE_STANDARD = "gnu++0x";
				CLANG_CXX_LIBRARY = "libc++";
				CLANG_ENABLE_MODULES = YES;
				CLANG_ENABLE_OBJC_ARC = YES;
				CLANG_WARN_BOOL_CONVERSION = YES;
				CLANG_WARN_CONSTANT_CONVERSION = YES;
				CLANG_WARN_DIRECT_OBJC_ISA_USAGE = YES_ERROR;
				CLANG_WARN_DOCUMENTATION_COMMENTS = YES;
				CLANG_WARN_EMPTY_BODY = YES;
				CLANG_WARN_ENUM_CONVERSION = YES;
				CLANG_WARN_INFINITE_RECURSION = YES;
				CLANG_WARN_INT_CONVERSION = YES;
				CLANG_WARN_OBJC_ROOT_CLASS = YES_ERROR;
				CLANG_WARN_SUSPICIOUS_MOVE = YES;
				CLANG_WARN_SUSPICIOUS_MOVES = YES;
				CLANG_WARN_UNREACHABLE_CODE = YES;
				CLANG_WARN__DUPLICATE_METHOD_MATCH = YES;
				"CODE_SIGN_IDENTITY[sdk=iphoneos*]" = "iPhone Developer";
				COPY_PHASE_STRIP = NO;
				DEBUG_INFORMATION_FORMAT = "dwarf-with-dsym";
				DEVELOPMENT_TEAM = JM28632DFW;
				ENABLE_NS_ASSERTIONS = NO;
				ENABLE_STRICT_OBJC_MSGSEND = YES;
				GCC_C_LANGUAGE_STANDARD = gnu99;
				GCC_NO_COMMON_BLOCKS = YES;
				GCC_WARN_64_TO_32_BIT_CONVERSION = YES;
				GCC_WARN_ABOUT_RETURN_TYPE = YES_ERROR;
				GCC_WARN_UNDECLARED_SELECTOR = YES;
				GCC_WARN_UNINITIALIZED_AUTOS = YES_AGGRESSIVE;
				GCC_WARN_UNUSED_FUNCTION = YES;
				GCC_WARN_UNUSED_VARIABLE = YES;
				IPHONEOS_DEPLOYMENT_TARGET = 10.0;
				MTL_ENABLE_DEBUG_INFO = NO;
				SDKROOT = iphoneos;
				SWIFT_OPTIMIZATION_LEVEL = "-Owholemodule";
				VALIDATE_PRODUCT = YES;
			};
			name = Release;
		};
		49BB951F1DB99DFB00763ABC /* Debug */ = {
			isa = XCBuildConfiguration;
			buildSettings = {
				ASSETCATALOG_COMPILER_APPICON_NAME = AppIcon;
				INFOPLIST_FILE = "Derrick Quiz/Info.plist";
				LD_RUNPATH_SEARCH_PATHS = "$(inherited) @executable_path/Frameworks";
				PRODUCT_BUNDLE_IDENTIFIER = "USA.Bajan.Vincy.Derrick.Derrick-Quiz";
				PRODUCT_NAME = "$(TARGET_NAME)";
				SWIFT_VERSION = 3.0;
			};
			name = Debug;
		};
		49BB95201DB99DFB00763ABC /* Release */ = {
			isa = XCBuildConfiguration;
			buildSettings = {
				ASSETCATALOG_COMPILER_APPICON_NAME = AppIcon;
				INFOPLIST_FILE = "Derrick Quiz/Info.plist";
				LD_RUNPATH_SEARCH_PATHS = "$(inherited) @executable_path/Frameworks";
				PRODUCT_BUNDLE_IDENTIFIER = "USA.Bajan.Vincy.Derrick.Derrick-Quiz";
				PRODUCT_NAME = "$(TARGET_NAME)";
				SWIFT_VERSION = 3.0;
			};
			name = Release;
		};
/* End XCBuildConfiguration section */

/* Begin XCConfigurationList section */
		49BB95071DB99DFA00763ABC /* Build configuration list for PBXProject "Derrick Quiz" */ = {
			isa = XCConfigurationList;
			buildConfigurations = (
				49BB951C1DB99DFB00763ABC /* Debug */,
				49BB951D1DB99DFB00763ABC /* Release */,
			);
			defaultConfigurationIsVisible = 0;
			defaultConfigurationName = Release;
		};
		49BB951E1DB99DFB00763ABC /* Build configuration list for PBXNativeTarget "Derrick Quiz" */ = {
			isa = XCConfigurationList;
			buildConfigurations = (
				49BB951F1DB99DFB00763ABC /* Debug */,
				49BB95201DB99DFB00763ABC /* Release */,
			);
			defaultConfigurationIsVisible = 0;
			defaultConfigurationName = Release;
		};
/* End XCConfigurationList section */
	};
	rootObject = 49BB95041DB99DFA00763ABC /* Project object */;
}
